// !$*UTF8*$!
{
	archiveVersion = 1;
	classes = {
	};
	objectVersion = 56;
	objects = {

/* Begin PBXBuildFile section */
		BF0036202A63EBC300F4D533 /* AppDelegate.swift in Sources */ = {isa = PBXBuildFile; fileRef = BF00361F2A63EBC300F4D533 /* AppDelegate.swift */; };
		BF0036222A63EBC300F4D533 /* SceneDelegate.swift in Sources */ = {isa = PBXBuildFile; fileRef = BF0036212A63EBC300F4D533 /* SceneDelegate.swift */; };
		BF0036242A63EBC300F4D533 /* ViewController.swift in Sources */ = {isa = PBXBuildFile; fileRef = BF0036232A63EBC300F4D533 /* ViewController.swift */; };
		BF00362A2A63EBC300F4D533 /* FirstCeo.xcdatamodeld in Sources */ = {isa = PBXBuildFile; fileRef = BF0036282A63EBC300F4D533 /* FirstCeo.xcdatamodeld */; };
		BF00362C2A63EBC400F4D533 /* Assets.xcassets in Resources */ = {isa = PBXBuildFile; fileRef = BF00362B2A63EBC400F4D533 /* Assets.xcassets */; };
		BF00362F2A63EBC400F4D533 /* LaunchScreen.storyboard in Resources */ = {isa = PBXBuildFile; fileRef = BF00362D2A63EBC400F4D533 /* LaunchScreen.storyboard */; };
		BF00363A2A63EBC400F4D533 /* FirstCeoTests.swift in Sources */ = {isa = PBXBuildFile; fileRef = BF0036392A63EBC400F4D533 /* FirstCeoTests.swift */; };
		BF0036442A63EBC400F4D533 /* FirstCeoUITests.swift in Sources */ = {isa = PBXBuildFile; fileRef = BF0036432A63EBC400F4D533 /* FirstCeoUITests.swift */; };
		BF0036462A63EBC400F4D533 /* FirstCeoUITestsLaunchTests.swift in Sources */ = {isa = PBXBuildFile; fileRef = BF0036452A63EBC400F4D533 /* FirstCeoUITestsLaunchTests.swift */; };
		BF0036582A63EDA300F4D533 /* View+Extension.swift in Sources */ = {isa = PBXBuildFile; fileRef = BF0036572A63EDA300F4D533 /* View+Extension.swift */; };
		BF00365A2A63EDC000F4D533 /* Color+Extension.swift in Sources */ = {isa = PBXBuildFile; fileRef = BF0036592A63EDC000F4D533 /* Color+Extension.swift */; };
/* End PBXBuildFile section */

/* Begin PBXContainerItemProxy section */
		BF0036362A63EBC400F4D533 /* PBXContainerItemProxy */ = {
			isa = PBXContainerItemProxy;
			containerPortal = BF0036142A63EBC300F4D533 /* Project object */;
			proxyType = 1;
			remoteGlobalIDString = BF00361B2A63EBC300F4D533;
			remoteInfo = FirstCeo;
		};
		BF0036402A63EBC400F4D533 /* PBXContainerItemProxy */ = {
			isa = PBXContainerItemProxy;
			containerPortal = BF0036142A63EBC300F4D533 /* Project object */;
			proxyType = 1;
			remoteGlobalIDString = BF00361B2A63EBC300F4D533;
			remoteInfo = FirstCeo;
		};
/* End PBXContainerItemProxy section */

/* Begin PBXFileReference section */
		BF00361C2A63EBC300F4D533 /* FirstCeo.app */ = {isa = PBXFileReference; explicitFileType = wrapper.application; includeInIndex = 0; path = FirstCeo.app; sourceTree = BUILT_PRODUCTS_DIR; };
		BF00361F2A63EBC300F4D533 /* AppDelegate.swift */ = {isa = PBXFileReference; lastKnownFileType = sourcecode.swift; path = AppDelegate.swift; sourceTree = "<group>"; };
		BF0036212A63EBC300F4D533 /* SceneDelegate.swift */ = {isa = PBXFileReference; lastKnownFileType = sourcecode.swift; path = SceneDelegate.swift; sourceTree = "<group>"; };
		BF0036232A63EBC300F4D533 /* ViewController.swift */ = {isa = PBXFileReference; lastKnownFileType = sourcecode.swift; path = ViewController.swift; sourceTree = "<group>"; };
		BF0036292A63EBC300F4D533 /* FirstCeo.xcdatamodel */ = {isa = PBXFileReference; lastKnownFileType = wrapper.xcdatamodel; path = FirstCeo.xcdatamodel; sourceTree = "<group>"; };
		BF00362B2A63EBC400F4D533 /* Assets.xcassets */ = {isa = PBXFileReference; lastKnownFileType = folder.assetcatalog; path = Assets.xcassets; sourceTree = "<group>"; };
		BF00362E2A63EBC400F4D533 /* Base */ = {isa = PBXFileReference; lastKnownFileType = file.storyboard; name = Base; path = Base.lproj/LaunchScreen.storyboard; sourceTree = "<group>"; };
		BF0036302A63EBC400F4D533 /* Info.plist */ = {isa = PBXFileReference; lastKnownFileType = text.plist.xml; path = Info.plist; sourceTree = "<group>"; };
		BF0036352A63EBC400F4D533 /* FirstCeoTests.xctest */ = {isa = PBXFileReference; explicitFileType = wrapper.cfbundle; includeInIndex = 0; path = FirstCeoTests.xctest; sourceTree = BUILT_PRODUCTS_DIR; };
		BF0036392A63EBC400F4D533 /* FirstCeoTests.swift */ = {isa = PBXFileReference; lastKnownFileType = sourcecode.swift; path = FirstCeoTests.swift; sourceTree = "<group>"; };
		BF00363F2A63EBC400F4D533 /* FirstCeoUITests.xctest */ = {isa = PBXFileReference; explicitFileType = wrapper.cfbundle; includeInIndex = 0; path = FirstCeoUITests.xctest; sourceTree = BUILT_PRODUCTS_DIR; };
		BF0036432A63EBC400F4D533 /* FirstCeoUITests.swift */ = {isa = PBXFileReference; lastKnownFileType = sourcecode.swift; path = FirstCeoUITests.swift; sourceTree = "<group>"; };
		BF0036452A63EBC400F4D533 /* FirstCeoUITestsLaunchTests.swift */ = {isa = PBXFileReference; lastKnownFileType = sourcecode.swift; path = FirstCeoUITestsLaunchTests.swift; sourceTree = "<group>"; };
		BF0036572A63EDA300F4D533 /* View+Extension.swift */ = {isa = PBXFileReference; lastKnownFileType = sourcecode.swift; path = "View+Extension.swift"; sourceTree = "<group>"; };
		BF0036592A63EDC000F4D533 /* Color+Extension.swift */ = {isa = PBXFileReference; lastKnownFileType = sourcecode.swift; path = "Color+Extension.swift"; sourceTree = "<group>"; };
/* End PBXFileReference section */

/* Begin PBXFrameworksBuildPhase section */
		BF0036192A63EBC300F4D533 /* Frameworks */ = {
			isa = PBXFrameworksBuildPhase;
			buildActionMask = 2147483647;
			files = (
			);
			runOnlyForDeploymentPostprocessing = 0;
		};
		BF0036322A63EBC400F4D533 /* Frameworks */ = {
			isa = PBXFrameworksBuildPhase;
			buildActionMask = 2147483647;
			files = (
			);
			runOnlyForDeploymentPostprocessing = 0;
		};
		BF00363C2A63EBC400F4D533 /* Frameworks */ = {
			isa = PBXFrameworksBuildPhase;
			buildActionMask = 2147483647;
			files = (
			);
			runOnlyForDeploymentPostprocessing = 0;
		};
/* End PBXFrameworksBuildPhase section */

/* Begin PBXGroup section */
		BF0036132A63EBC300F4D533 = {
			isa = PBXGroup;
			children = (
				BF00361E2A63EBC300F4D533 /* FirstCeo */,
				BF0036382A63EBC400F4D533 /* FirstCeoTests */,
				BF0036422A63EBC400F4D533 /* FirstCeoUITests */,
				BF00361D2A63EBC300F4D533 /* Products */,
			);
			sourceTree = "<group>";
		};
		BF00361D2A63EBC300F4D533 /* Products */ = {
			isa = PBXGroup;
			children = (
				BF00361C2A63EBC300F4D533 /* FirstCeo.app */,
				BF0036352A63EBC400F4D533 /* FirstCeoTests.xctest */,
				BF00363F2A63EBC400F4D533 /* FirstCeoUITests.xctest */,
			);
			name = Products;
			sourceTree = "<group>";
		};
		BF00361E2A63EBC300F4D533 /* FirstCeo */ = {
			isa = PBXGroup;
			children = (
				BF0036562A63ED9500F4D533 /* Extension */,
				BF0036542A63EC3400F4D533 /* Page */,
				BF0036532A63EC2D00F4D533 /* Network */,
				BF0036522A63EC2700F4D533 /* Global */,
				BF0036282A63EBC300F4D533 /* FirstCeo.xcdatamodeld */,
				BF0036302A63EBC400F4D533 /* Info.plist */,
			);
			path = FirstCeo;
			sourceTree = "<group>";
		};
		BF0036382A63EBC400F4D533 /* FirstCeoTests */ = {
			isa = PBXGroup;
			children = (
				BF0036392A63EBC400F4D533 /* FirstCeoTests.swift */,
			);
			path = FirstCeoTests;
			sourceTree = "<group>";
		};
		BF0036422A63EBC400F4D533 /* FirstCeoUITests */ = {
			isa = PBXGroup;
			children = (
				BF0036432A63EBC400F4D533 /* FirstCeoUITests.swift */,
				BF0036452A63EBC400F4D533 /* FirstCeoUITestsLaunchTests.swift */,
			);
			path = FirstCeoUITests;
			sourceTree = "<group>";
		};
		BF0036522A63EC2700F4D533 /* Global */ = {
			isa = PBXGroup;
			children = (
				BF00361F2A63EBC300F4D533 /* AppDelegate.swift */,
				BF0036212A63EBC300F4D533 /* SceneDelegate.swift */,
				BF0036552A63EC8700F4D533 /* Asset */,
			);
			path = Global;
			sourceTree = "<group>";
		};
		BF0036532A63EC2D00F4D533 /* Network */ = {
			isa = PBXGroup;
			children = (
			);
			path = Network;
			sourceTree = "<group>";
		};
		BF0036542A63EC3400F4D533 /* Page */ = {
			isa = PBXGroup;
			children = (
				BF0036232A63EBC300F4D533 /* ViewController.swift */,
			);
			path = Page;
			sourceTree = "<group>";
		};
		BF0036552A63EC8700F4D533 /* Asset */ = {
			isa = PBXGroup;
			children = (
				BF00362D2A63EBC400F4D533 /* LaunchScreen.storyboard */,
				BF00362B2A63EBC400F4D533 /* Assets.xcassets */,
			);
			path = Asset;
			sourceTree = "<group>";
		};
		BF0036562A63ED9500F4D533 /* Extension */ = {
			isa = PBXGroup;
			children = (
				BF0036572A63EDA300F4D533 /* View+Extension.swift */,
				BF0036592A63EDC000F4D533 /* Color+Extension.swift */,
			);
			path = Extension;
			sourceTree = "<group>";
		};
/* End PBXGroup section */

/* Begin PBXNativeTarget section */
		BF00361B2A63EBC300F4D533 /* FirstCeo */ = {
			isa = PBXNativeTarget;
			buildConfigurationList = BF0036492A63EBC400F4D533 /* Build configuration list for PBXNativeTarget "FirstCeo" */;
			buildPhases = (
				BF0036182A63EBC300F4D533 /* Sources */,
				BF0036192A63EBC300F4D533 /* Frameworks */,
				BF00361A2A63EBC300F4D533 /* Resources */,
			);
			buildRules = (
			);
			dependencies = (
			);
			name = FirstCeo;
			productName = FirstCeo;
			productReference = BF00361C2A63EBC300F4D533 /* FirstCeo.app */;
			productType = "com.apple.product-type.application";
		};
		BF0036342A63EBC400F4D533 /* FirstCeoTests */ = {
			isa = PBXNativeTarget;
			buildConfigurationList = BF00364C2A63EBC400F4D533 /* Build configuration list for PBXNativeTarget "FirstCeoTests" */;
			buildPhases = (
				BF0036312A63EBC400F4D533 /* Sources */,
				BF0036322A63EBC400F4D533 /* Frameworks */,
				BF0036332A63EBC400F4D533 /* Resources */,
			);
			buildRules = (
			);
			dependencies = (
				BF0036372A63EBC400F4D533 /* PBXTargetDependency */,
			);
			name = FirstCeoTests;
			productName = FirstCeoTests;
			productReference = BF0036352A63EBC400F4D533 /* FirstCeoTests.xctest */;
			productType = "com.apple.product-type.bundle.unit-test";
		};
		BF00363E2A63EBC400F4D533 /* FirstCeoUITests */ = {
			isa = PBXNativeTarget;
			buildConfigurationList = BF00364F2A63EBC400F4D533 /* Build configuration list for PBXNativeTarget "FirstCeoUITests" */;
			buildPhases = (
				BF00363B2A63EBC400F4D533 /* Sources */,
				BF00363C2A63EBC400F4D533 /* Frameworks */,
				BF00363D2A63EBC400F4D533 /* Resources */,
			);
			buildRules = (
			);
			dependencies = (
				BF0036412A63EBC400F4D533 /* PBXTargetDependency */,
			);
			name = FirstCeoUITests;
			productName = FirstCeoUITests;
			productReference = BF00363F2A63EBC400F4D533 /* FirstCeoUITests.xctest */;
			productType = "com.apple.product-type.bundle.ui-testing";
		};
/* End PBXNativeTarget section */

/* Begin PBXProject section */
		BF0036142A63EBC300F4D533 /* Project object */ = {
			isa = PBXProject;
			attributes = {
				BuildIndependentTargetsInParallel = 1;
				LastSwiftUpdateCheck = 1430;
				LastUpgradeCheck = 1430;
				TargetAttributes = {
					BF00361B2A63EBC300F4D533 = {
						CreatedOnToolsVersion = 14.3.1;
					};
					BF0036342A63EBC400F4D533 = {
						CreatedOnToolsVersion = 14.3.1;
						TestTargetID = BF00361B2A63EBC300F4D533;
					};
					BF00363E2A63EBC400F4D533 = {
						CreatedOnToolsVersion = 14.3.1;
						TestTargetID = BF00361B2A63EBC300F4D533;
					};
				};
			};
			buildConfigurationList = BF0036172A63EBC300F4D533 /* Build configuration list for PBXProject "FirstCeo" */;
			compatibilityVersion = "Xcode 14.0";
			developmentRegion = en;
			hasScannedForEncodings = 0;
			knownRegions = (
				en,
				Base,
			);
			mainGroup = BF0036132A63EBC300F4D533;
			productRefGroup = BF00361D2A63EBC300F4D533 /* Products */;
			projectDirPath = "";
			projectRoot = "";
			targets = (
				BF00361B2A63EBC300F4D533 /* FirstCeo */,
				BF0036342A63EBC400F4D533 /* FirstCeoTests */,
				BF00363E2A63EBC400F4D533 /* FirstCeoUITests */,
			);
		};
/* End PBXProject section */

/* Begin PBXResourcesBuildPhase section */
		BF00361A2A63EBC300F4D533 /* Resources */ = {
			isa = PBXResourcesBuildPhase;
			buildActionMask = 2147483647;
			files = (
				BF00362F2A63EBC400F4D533 /* LaunchScreen.storyboard in Resources */,
				BF00362C2A63EBC400F4D533 /* Assets.xcassets in Resources */,
			);
			runOnlyForDeploymentPostprocessing = 0;
		};
		BF0036332A63EBC400F4D533 /* Resources */ = {
			isa = PBXResourcesBuildPhase;
			buildActionMask = 2147483647;
			files = (
			);
			runOnlyForDeploymentPostprocessing = 0;
		};
		BF00363D2A63EBC400F4D533 /* Resources */ = {
			isa = PBXResourcesBuildPhase;
			buildActionMask = 2147483647;
			files = (
			);
			runOnlyForDeploymentPostprocessing = 0;
		};
/* End PBXResourcesBuildPhase section */

/* Begin PBXSourcesBuildPhase section */
		BF0036182A63EBC300F4D533 /* Sources */ = {
			isa = PBXSourcesBuildPhase;
			buildActionMask = 2147483647;
			files = (
				BF00362A2A63EBC300F4D533 /* FirstCeo.xcdatamodeld in Sources */,
				BF00365A2A63EDC000F4D533 /* Color+Extension.swift in Sources */,
				BF0036242A63EBC300F4D533 /* ViewController.swift in Sources */,
				BF0036582A63EDA300F4D533 /* View+Extension.swift in Sources */,
				BF0036202A63EBC300F4D533 /* AppDelegate.swift in Sources */,
				BF0036222A63EBC300F4D533 /* SceneDelegate.swift in Sources */,
			);
			runOnlyForDeploymentPostprocessing = 0;
		};
		BF0036312A63EBC400F4D533 /* Sources */ = {
			isa = PBXSourcesBuildPhase;
			buildActionMask = 2147483647;
			files = (
				BF00363A2A63EBC400F4D533 /* FirstCeoTests.swift in Sources */,
			);
			runOnlyForDeploymentPostprocessing = 0;
		};
		BF00363B2A63EBC400F4D533 /* Sources */ = {
			isa = PBXSourcesBuildPhase;
			buildActionMask = 2147483647;
			files = (
				BF0036462A63EBC400F4D533 /* FirstCeoUITestsLaunchTests.swift in Sources */,
				BF0036442A63EBC400F4D533 /* FirstCeoUITests.swift in Sources */,
			);
			runOnlyForDeploymentPostprocessing = 0;
		};
/* End PBXSourcesBuildPhase section */

/* Begin PBXTargetDependency section */
		BF0036372A63EBC400F4D533 /* PBXTargetDependency */ = {
			isa = PBXTargetDependency;
			target = BF00361B2A63EBC300F4D533 /* FirstCeo */;
			targetProxy = BF0036362A63EBC400F4D533 /* PBXContainerItemProxy */;
		};
		BF0036412A63EBC400F4D533 /* PBXTargetDependency */ = {
			isa = PBXTargetDependency;
			target = BF00361B2A63EBC300F4D533 /* FirstCeo */;
			targetProxy = BF0036402A63EBC400F4D533 /* PBXContainerItemProxy */;
		};
/* End PBXTargetDependency section */

/* Begin PBXVariantGroup section */
		BF00362D2A63EBC400F4D533 /* LaunchScreen.storyboard */ = {
			isa = PBXVariantGroup;
			children = (
				BF00362E2A63EBC400F4D533 /* Base */,
			);
			name = LaunchScreen.storyboard;
			sourceTree = "<group>";
		};
/* End PBXVariantGroup section */

/* Begin XCBuildConfiguration section */
		BF0036472A63EBC400F4D533 /* Debug */ = {
			isa = XCBuildConfiguration;
			buildSettings = {
				ALWAYS_SEARCH_USER_PATHS = NO;
				CLANG_ANALYZER_NONNULL = YES;
				CLANG_ANALYZER_NUMBER_OBJECT_CONVERSION = YES_AGGRESSIVE;
				CLANG_CXX_LANGUAGE_STANDARD = "gnu++20";
				CLANG_ENABLE_MODULES = YES;
				CLANG_ENABLE_OBJC_ARC = YES;
				CLANG_ENABLE_OBJC_WEAK = YES;
				CLANG_WARN_BLOCK_CAPTURE_AUTORELEASING = YES;
				CLANG_WARN_BOOL_CONVERSION = YES;
				CLANG_WARN_COMMA = YES;
				CLANG_WARN_CONSTANT_CONVERSION = YES;
				CLANG_WARN_DEPRECATED_OBJC_IMPLEMENTATIONS = YES;
				CLANG_WARN_DIRECT_OBJC_ISA_USAGE = YES_ERROR;
				CLANG_WARN_DOCUMENTATION_COMMENTS = YES;
				CLANG_WARN_EMPTY_BODY = YES;
				CLANG_WARN_ENUM_CONVERSION = YES;
				CLANG_WARN_INFINITE_RECURSION = YES;
				CLANG_WARN_INT_CONVERSION = YES;
				CLANG_WARN_NON_LITERAL_NULL_CONVERSION = YES;
				CLANG_WARN_OBJC_IMPLICIT_RETAIN_SELF = YES;
				CLANG_WARN_OBJC_LITERAL_CONVERSION = YES;
				CLANG_WARN_OBJC_ROOT_CLASS = YES_ERROR;
				CLANG_WARN_QUOTED_INCLUDE_IN_FRAMEWORK_HEADER = YES;
				CLANG_WARN_RANGE_LOOP_ANALYSIS = YES;
				CLANG_WARN_STRICT_PROTOTYPES = YES;
				CLANG_WARN_SUSPICIOUS_MOVE = YES;
				CLANG_WARN_UNGUARDED_AVAILABILITY = YES_AGGRESSIVE;
				CLANG_WARN_UNREACHABLE_CODE = YES;
				CLANG_WARN__DUPLICATE_METHOD_MATCH = YES;
				COPY_PHASE_STRIP = NO;
				DEBUG_INFORMATION_FORMAT = dwarf;
				ENABLE_STRICT_OBJC_MSGSEND = YES;
				ENABLE_TESTABILITY = YES;
				GCC_C_LANGUAGE_STANDARD = gnu11;
				GCC_DYNAMIC_NO_PIC = NO;
				GCC_NO_COMMON_BLOCKS = YES;
				GCC_OPTIMIZATION_LEVEL = 0;
				GCC_PREPROCESSOR_DEFINITIONS = (
					"DEBUG=1",
					"$(inherited)",
				);
				GCC_WARN_64_TO_32_BIT_CONVERSION = YES;
				GCC_WARN_ABOUT_RETURN_TYPE = YES_ERROR;
				GCC_WARN_UNDECLARED_SELECTOR = YES;
				GCC_WARN_UNINITIALIZED_AUTOS = YES_AGGRESSIVE;
				GCC_WARN_UNUSED_FUNCTION = YES;
				GCC_WARN_UNUSED_VARIABLE = YES;
				IPHONEOS_DEPLOYMENT_TARGET = 16.4;
				MTL_ENABLE_DEBUG_INFO = INCLUDE_SOURCE;
				MTL_FAST_MATH = YES;
				ONLY_ACTIVE_ARCH = YES;
				SDKROOT = iphoneos;
				SWIFT_ACTIVE_COMPILATION_CONDITIONS = DEBUG;
				SWIFT_OPTIMIZATION_LEVEL = "-Onone";
			};
			name = Debug;
		};
		BF0036482A63EBC400F4D533 /* Release */ = {
			isa = XCBuildConfiguration;
			buildSettings = {
				ALWAYS_SEARCH_USER_PATHS = NO;
				CLANG_ANALYZER_NONNULL = YES;
				CLANG_ANALYZER_NUMBER_OBJECT_CONVERSION = YES_AGGRESSIVE;
				CLANG_CXX_LANGUAGE_STANDARD = "gnu++20";
				CLANG_ENABLE_MODULES = YES;
				CLANG_ENABLE_OBJC_ARC = YES;
				CLANG_ENABLE_OBJC_WEAK = YES;
				CLANG_WARN_BLOCK_CAPTURE_AUTORELEASING = YES;
				CLANG_WARN_BOOL_CONVERSION = YES;
				CLANG_WARN_COMMA = YES;
				CLANG_WARN_CONSTANT_CONVERSION = YES;
				CLANG_WARN_DEPRECATED_OBJC_IMPLEMENTATIONS = YES;
				CLANG_WARN_DIRECT_OBJC_ISA_USAGE = YES_ERROR;
				CLANG_WARN_DOCUMENTATION_COMMENTS = YES;
				CLANG_WARN_EMPTY_BODY = YES;
				CLANG_WARN_ENUM_CONVERSION = YES;
				CLANG_WARN_INFINITE_RECURSION = YES;
				CLANG_WARN_INT_CONVERSION = YES;
				CLANG_WARN_NON_LITERAL_NULL_CONVERSION = YES;
				CLANG_WARN_OBJC_IMPLICIT_RETAIN_SELF = YES;
				CLANG_WARN_OBJC_LITERAL_CONVERSION = YES;
				CLANG_WARN_OBJC_ROOT_CLASS = YES_ERROR;
				CLANG_WARN_QUOTED_INCLUDE_IN_FRAMEWORK_HEADER = YES;
				CLANG_WARN_RANGE_LOOP_ANALYSIS = YES;
				CLANG_WARN_STRICT_PROTOTYPES = YES;
				CLANG_WARN_SUSPICIOUS_MOVE = YES;
				CLANG_WARN_UNGUARDED_AVAILABILITY = YES_AGGRESSIVE;
				CLANG_WARN_UNREACHABLE_CODE = YES;
				CLANG_WARN__DUPLICATE_METHOD_MATCH = YES;
				COPY_PHASE_STRIP = NO;
				DEBUG_INFORMATION_FORMAT = "dwarf-with-dsym";
				ENABLE_NS_ASSERTIONS = NO;
				ENABLE_STRICT_OBJC_MSGSEND = YES;
				GCC_C_LANGUAGE_STANDARD = gnu11;
				GCC_NO_COMMON_BLOCKS = YES;
				GCC_WARN_64_TO_32_BIT_CONVERSION = YES;
				GCC_WARN_ABOUT_RETURN_TYPE = YES_ERROR;
				GCC_WARN_UNDECLARED_SELECTOR = YES;
				GCC_WARN_UNINITIALIZED_AUTOS = YES_AGGRESSIVE;
				GCC_WARN_UNUSED_FUNCTION = YES;
				GCC_WARN_UNUSED_VARIABLE = YES;
				IPHONEOS_DEPLOYMENT_TARGET = 16.4;
				MTL_ENABLE_DEBUG_INFO = NO;
				MTL_FAST_MATH = YES;
				SDKROOT = iphoneos;
				SWIFT_COMPILATION_MODE = wholemodule;
				SWIFT_OPTIMIZATION_LEVEL = "-O";
				VALIDATE_PRODUCT = YES;
			};
			name = Release;
		};
		BF00364A2A63EBC400F4D533 /* Debug */ = {
			isa = XCBuildConfiguration;
			buildSettings = {
				ASSETCATALOG_COMPILER_APPICON_NAME = AppIcon;
				ASSETCATALOG_COMPILER_GLOBAL_ACCENT_COLOR_NAME = AccentColor;
				CODE_SIGN_STYLE = Automatic;
				CURRENT_PROJECT_VERSION = 1;
				DEVELOPMENT_TEAM = D9CAJN27UH;
				GENERATE_INFOPLIST_FILE = YES;
				INFOPLIST_FILE = FirstCeo/Info.plist;
				INFOPLIST_KEY_UIApplicationSupportsIndirectInputEvents = YES;
				INFOPLIST_KEY_UILaunchStoryboardName = LaunchScreen;
				INFOPLIST_KEY_UISupportedInterfaceOrientations_iPad = "UIInterfaceOrientationPortrait UIInterfaceOrientationPortraitUpsideDown UIInterfaceOrientationLandscapeLeft UIInterfaceOrientationLandscapeRight";
				INFOPLIST_KEY_UISupportedInterfaceOrientations_iPhone = "UIInterfaceOrientationPortrait UIInterfaceOrientationLandscapeLeft UIInterfaceOrientationLandscapeRight";
				IPHONEOS_DEPLOYMENT_TARGET = 14.0;
				LD_RUNPATH_SEARCH_PATHS = (
					"$(inherited)",
					"@executable_path/Frameworks",
				);
				MARKETING_VERSION = 1.0;
				PRODUCT_BUNDLE_IDENTIFIER = com.firstceo.FirstCeo;
				PRODUCT_NAME = "$(TARGET_NAME)";
				SUPPORTED_PLATFORMS = "iphoneos iphonesimulator";
				SUPPORTS_MACCATALYST = NO;
				SUPPORTS_MAC_DESIGNED_FOR_IPHONE_IPAD = NO;
				SWIFT_EMIT_LOC_STRINGS = YES;
				SWIFT_VERSION = 5.0;
				TARGETED_DEVICE_FAMILY = 1;
			};
			name = Debug;
		};
		BF00364B2A63EBC400F4D533 /* Release */ = {
			isa = XCBuildConfiguration;
			buildSettings = {
				ASSETCATALOG_COMPILER_APPICON_NAME = AppIcon;
				ASSETCATALOG_COMPILER_GLOBAL_ACCENT_COLOR_NAME = AccentColor;
				CODE_SIGN_STYLE = Automatic;
				CURRENT_PROJECT_VERSION = 1;
				DEVELOPMENT_TEAM = D9CAJN27UH;
				GENERATE_INFOPLIST_FILE = YES;
				INFOPLIST_FILE = FirstCeo/Info.plist;
				INFOPLIST_KEY_UIApplicationSupportsIndirectInputEvents = YES;
				INFOPLIST_KEY_UILaunchStoryboardName = LaunchScreen;
				INFOPLIST_KEY_UISupportedInterfaceOrientations_iPad = "UIInterfaceOrientationPortrait UIInterfaceOrientationPortraitUpsideDown UIInterfaceOrientationLandscapeLeft UIInterfaceOrientationLandscapeRight";
				INFOPLIST_KEY_UISupportedInterfaceOrientations_iPhone = "UIInterfaceOrientationPortrait UIInterfaceOrientationLandscapeLeft UIInterfaceOrientationLandscapeRight";
				IPHONEOS_DEPLOYMENT_TARGET = 14.0;
				LD_RUNPATH_SEARCH_PATHS = (
					"$(inherited)",
					"@executable_path/Frameworks",
				);
				MARKETING_VERSION = 1.0;
				PRODUCT_BUNDLE_IDENTIFIER = com.firstceo.FirstCeo;
				PRODUCT_NAME = "$(TARGET_NAME)";
				SUPPORTED_PLATFORMS = "iphoneos iphonesimulator";
				SUPPORTS_MACCATALYST = NO;
				SUPPORTS_MAC_DESIGNED_FOR_IPHONE_IPAD = NO;
				SWIFT_EMIT_LOC_STRINGS = YES;
				SWIFT_VERSION = 5.0;
				TARGETED_DEVICE_FAMILY = 1;
			};
			name = Release;
		};
		BF00364D2A63EBC400F4D533 /* Debug */ = {
			isa = XCBuildConfiguration;
			buildSettings = {
				ALWAYS_EMBED_SWIFT_STANDARD_LIBRARIES = YES;
				BUNDLE_LOADER = "$(TEST_HOST)";
				CODE_SIGN_STYLE = Automatic;
				CURRENT_PROJECT_VERSION = 1;
				DEVELOPMENT_TEAM = D9CAJN27UH;
				GENERATE_INFOPLIST_FILE = YES;
				IPHONEOS_DEPLOYMENT_TARGET = 16.4;
				MARKETING_VERSION = 1.0;
				PRODUCT_BUNDLE_IDENTIFIER = com.firstceo.FirstCeoTests;
				PRODUCT_NAME = "$(TARGET_NAME)";
				SWIFT_EMIT_LOC_STRINGS = NO;
				SWIFT_VERSION = 5.0;
				TARGETED_DEVICE_FAMILY = "1,2";
				TEST_HOST = "$(BUILT_PRODUCTS_DIR)/FirstCeo.app/$(BUNDLE_EXECUTABLE_FOLDER_PATH)/FirstCeo";
			};
			name = Debug;
		};
		BF00364E2A63EBC400F4D533 /* Release */ = {
			isa = XCBuildConfiguration;
			buildSettings = {
				ALWAYS_EMBED_SWIFT_STANDARD_LIBRARIES = YES;
				BUNDLE_LOADER = "$(TEST_HOST)";
				CODE_SIGN_STYLE = Automatic;
				CURRENT_PROJECT_VERSION = 1;
				DEVELOPMENT_TEAM = D9CAJN27UH;
				GENERATE_INFOPLIST_FILE = YES;
				IPHONEOS_DEPLOYMENT_TARGET = 16.4;
				MARKETING_VERSION = 1.0;
				PRODUCT_BUNDLE_IDENTIFIER = com.firstceo.FirstCeoTests;
				PRODUCT_NAME = "$(TARGET_NAME)";
				SWIFT_EMIT_LOC_STRINGS = NO;
				SWIFT_VERSION = 5.0;
				TARGETED_DEVICE_FAMILY = "1,2";
				TEST_HOST = "$(BUILT_PRODUCTS_DIR)/FirstCeo.app/$(BUNDLE_EXECUTABLE_FOLDER_PATH)/FirstCeo";
			};
			name = Release;
		};
		BF0036502A63EBC400F4D533 /* Debug */ = {
			isa = XCBuildConfiguration;
			buildSettings = {
				ALWAYS_EMBED_SWIFT_STANDARD_LIBRARIES = YES;
				CODE_SIGN_STYLE = Automatic;
				CURRENT_PROJECT_VERSION = 1;
				DEVELOPMENT_TEAM = D9CAJN27UH;
				GENERATE_INFOPLIST_FILE = YES;
				MARKETING_VERSION = 1.0;
				PRODUCT_BUNDLE_IDENTIFIER = com.firstceo.FirstCeoUITests;
				PRODUCT_NAME = "$(TARGET_NAME)";
				SWIFT_EMIT_LOC_STRINGS = NO;
				SWIFT_VERSION = 5.0;
				TARGETED_DEVICE_FAMILY = "1,2";
				TEST_TARGET_NAME = FirstCeo;
			};
			name = Debug;
		};
		BF0036512A63EBC400F4D533 /* Release */ = {
			isa = XCBuildConfiguration;
			buildSettings = {
				ALWAYS_EMBED_SWIFT_STANDARD_LIBRARIES = YES;
				CODE_SIGN_STYLE = Automatic;
				CURRENT_PROJECT_VERSION = 1;
				DEVELOPMENT_TEAM = D9CAJN27UH;
				GENERATE_INFOPLIST_FILE = YES;
				MARKETING_VERSION = 1.0;
				PRODUCT_BUNDLE_IDENTIFIER = com.firstceo.FirstCeoUITests;
				PRODUCT_NAME = "$(TARGET_NAME)";
				SWIFT_EMIT_LOC_STRINGS = NO;
				SWIFT_VERSION = 5.0;
				TARGETED_DEVICE_FAMILY = "1,2";
				TEST_TARGET_NAME = FirstCeo;
			};
			name = Release;
		};
/* End XCBuildConfiguration section */

/* Begin XCConfigurationList section */
		BF0036172A63EBC300F4D533 /* Build configuration list for PBXProject "FirstCeo" */ = {
			isa = XCConfigurationList;
			buildConfigurations = (
				BF0036472A63EBC400F4D533 /* Debug */,
				BF0036482A63EBC400F4D533 /* Release */,
			);
			defaultConfigurationIsVisible = 0;
			defaultConfigurationName = Release;
		};
		BF0036492A63EBC400F4D533 /* Build configuration list for PBXNativeTarget "FirstCeo" */ = {
			isa = XCConfigurationList;
			buildConfigurations = (
				BF00364A2A63EBC400F4D533 /* Debug */,
				BF00364B2A63EBC400F4D533 /* Release */,
			);
			defaultConfigurationIsVisible = 0;
			defaultConfigurationName = Release;
		};
		BF00364C2A63EBC400F4D533 /* Build configuration list for PBXNativeTarget "FirstCeoTests" */ = {
			isa = XCConfigurationList;
			buildConfigurations = (
				BF00364D2A63EBC400F4D533 /* Debug */,
				BF00364E2A63EBC400F4D533 /* Release */,
			);
			defaultConfigurationIsVisible = 0;
			defaultConfigurationName = Release;
		};
		BF00364F2A63EBC400F4D533 /* Build configuration list for PBXNativeTarget "FirstCeoUITests" */ = {
			isa = XCConfigurationList;
			buildConfigurations = (
				BF0036502A63EBC400F4D533 /* Debug */,
				BF0036512A63EBC400F4D533 /* Release */,
			);
			defaultConfigurationIsVisible = 0;
			defaultConfigurationName = Release;
		};
/* End XCConfigurationList section */

/* Begin XCVersionGroup section */
		BF0036282A63EBC300F4D533 /* FirstCeo.xcdatamodeld */ = {
			isa = XCVersionGroup;
			children = (
				BF0036292A63EBC300F4D533 /* FirstCeo.xcdatamodel */,
			);
			currentVersion = BF0036292A63EBC300F4D533 /* FirstCeo.xcdatamodel */;
			path = FirstCeo.xcdatamodeld;
			sourceTree = "<group>";
			versionGroupType = wrapper.xcdatamodel;
		};
/* End XCVersionGroup section */
	};
	rootObject = BF0036142A63EBC300F4D533 /* Project object */;
}
